
Microsoft Visual Studio Solution File, Format Version 12.00
# Visual Studio Version 16
VisualStudioVersion = 16.0.31515.178
MinimumVisualStudioVersion = 10.0.40219.1
Project("{9A19103F-16F7-4668-BE54-9A1E7A4F7556}") = "Question1", "Question1\Question1.csproj", "{D6C5D212-E8D7-4A27-8D01-69ED9613169A}"
EndProject
Project("{9A19103F-16F7-4668-BE54-9A1E7A4F7556}") = "Question2", "..\Question2\Question2.csproj", "{50EB1AC9-3E12-4EDA-8480-65A717911D06}"
EndProject
Project("{9A19103F-16F7-4668-BE54-9A1E7A4F7556}") = "Question3", "..\Question3\Question3.csproj", "{F1F5CEFB-C189-4769-950C-CE6A0F0842B3}"
EndProject
Project("{9A19103F-16F7-4668-BE54-9A1E7A4F7556}") = "Question4", "..\Question4\Question4.csproj", "{7C06C98C-4170-4E04-9373-56AFE9ED15C7}"
EndProject
Project("{FAE04EC0-301F-11D3-BF4B-00C04F79EFBC}") = "Question5", "..\Question5\Question5.csproj", "{DE9F1C94-B0CB-426A-A3C9-4C89BB069CAC}"
EndProject
Global
	GlobalSection(SolutionConfigurationPlatforms) = preSolution
		Debug|Any CPU = Debug|Any CPU
		Release|Any CPU = Release|Any CPU
	EndGlobalSection
	GlobalSection(ProjectConfigurationPlatforms) = postSolution
		{D6C5D212-E8D7-4A27-8D01-69ED9613169A}.Debug|Any CPU.ActiveCfg = Debug|Any CPU
		{D6C5D212-E8D7-4A27-8D01-69ED9613169A}.Debug|Any CPU.Build.0 = Debug|Any CPU
		{D6C5D212-E8D7-4A27-8D01-69ED9613169A}.Release|Any CPU.ActiveCfg = Release|Any CPU
		{D6C5D212-E8D7-4A27-8D01-69ED9613169A}.Release|Any CPU.Build.0 = Release|Any CPU
		{50EB1AC9-3E12-4EDA-8480-65A717911D06}.Debug|Any CPU.ActiveCfg = Debug|Any CPU
		{50EB1AC9-3E12-4EDA-8480-65A717911D06}.Debug|Any CPU.Build.0 = Debug|Any CPU
		{50EB1AC9-3E12-4EDA-8480-65A717911D06}.Release|Any CPU.ActiveCfg = Release|Any CPU
		{50EB1AC9-3E12-4EDA-8480-65A717911D06}.Release|Any CPU.Build.0 = Release|Any CPU
		{F1F5CEFB-C189-4769-950C-CE6A0F0842B3}.Debug|Any CPU.ActiveCfg = Debug|Any CPU
		{F1F5CEFB-C189-4769-950C-CE6A0F0842B3}.Debug|Any CPU.Build.0 = Debug|Any CPU
		{F1F5CEFB-C189-4769-950C-CE6A0F0842B3}.Release|Any CPU.ActiveCfg = Release|Any CPU
		{F1F5CEFB-C189-4769-950C-CE6A0F0842B3}.Release|Any CPU.Build.0 = Release|Any CPU
		{7C06C98C-4170-4E04-9373-56AFE9ED15C7}.Debug|Any CPU.ActiveCfg = Debug|Any CPU
		{7C06C98C-4170-4E04-9373-56AFE9ED15C7}.Debug|Any CPU.Build.0 = Debug|Any CPU
		{7C06C98C-4170-4E04-9373-56AFE9ED15C7}.Release|Any CPU.ActiveCfg = Release|Any CPU
		{7C06C98C-4170-4E04-9373-56AFE9ED15C7}.Release|Any CPU.Build.0 = Release|Any CPU
		{DE9F1C94-B0CB-426A-A3C9-4C89BB069CAC}.Debug|Any CPU.ActiveCfg = Debug|Any CPU
		{DE9F1C94-B0CB-426A-A3C9-4C89BB069CAC}.Debug|Any CPU.Build.0 = Debug|Any CPU
		{DE9F1C94-B0CB-426A-A3C9-4C89BB069CAC}.Release|Any CPU.ActiveCfg = Release|Any CPU
		{DE9F1C94-B0CB-426A-A3C9-4C89BB069CAC}.Release|Any CPU.Build.0 = Release|Any CPU
	EndGlobalSection
	GlobalSection(SolutionProperties) = preSolution
		HideSolutionNode = FALSE
	EndGlobalSection
	GlobalSection(ExtensibilityGlobals) = postSolution
		SolutionGuid = {9B591B3A-76EC-487E-B969-215F778B1363}
	EndGlobalSection
EndGlobal
